
Microsoft Visual Studio Solution File, Format Version 12.00
# Visual Studio Version 16
VisualStudioVersion = 16.0.33328.57
MinimumVisualStudioVersion = 10.0.40219.1
Project("{FAE04EC0-301F-11D3-BF4B-00C04F79EFBC}") = "Luqmit3ish.Android", "Luqmit3ish\Luqmit3ish.Android\Luqmit3ish.Android.csproj", "{E55C4D42-4D1A-471A-A653-6F6529E6805E}"
EndProject
Project("{FAE04EC0-301F-11D3-BF4B-00C04F79EFBC}") = "Luqmit3ish", "Luqmit3ish\Luqmit3ish\Luqmit3ish.csproj", "{3ECBF24D-FD97-40ED-A041-E0FBC21AF70D}"
EndProject
Global
	GlobalSection(SolutionConfigurationPlatforms) = preSolution
		Debug|Any CPU = Debug|Any CPU
		Release|Any CPU = Release|Any CPU
	EndGlobalSection
	GlobalSection(ProjectConfigurationPlatforms) = postSolution
		{E55C4D42-4D1A-471A-A653-6F6529E6805E}.Debug|Any CPU.ActiveCfg = Debug|Any CPU
		{E55C4D42-4D1A-471A-A653-6F6529E6805E}.Debug|Any CPU.Build.0 = Debug|Any CPU
		{E55C4D42-4D1A-471A-A653-6F6529E6805E}.Debug|Any CPU.Deploy.0 = Debug|Any CPU
		{E55C4D42-4D1A-471A-A653-6F6529E6805E}.Release|Any CPU.ActiveCfg = Release|Any CPU
		{E55C4D42-4D1A-471A-A653-6F6529E6805E}.Release|Any CPU.Build.0 = Release|Any CPU
		{E55C4D42-4D1A-471A-A653-6F6529E6805E}.Release|Any CPU.Deploy.0 = Release|Any CPU
		{3ECBF24D-FD97-40ED-A041-E0FBC21AF70D}.Debug|Any CPU.ActiveCfg = Debug|Any CPU
		{3ECBF24D-FD97-40ED-A041-E0FBC21AF70D}.Debug|Any CPU.Build.0 = Debug|Any CPU
		{3ECBF24D-FD97-40ED-A041-E0FBC21AF70D}.Debug|Any CPU.Deploy.0 = Debug|Any CPU
		{3ECBF24D-FD97-40ED-A041-E0FBC21AF70D}.Release|Any CPU.ActiveCfg = Release|Any CPU
		{3ECBF24D-FD97-40ED-A041-E0FBC21AF70D}.Release|Any CPU.Build.0 = Release|Any CPU
		{3ECBF24D-FD97-40ED-A041-E0FBC21AF70D}.Release|Any CPU.Deploy.0 = Release|Any CPU
	EndGlobalSection
	GlobalSection(SolutionProperties) = preSolution
		HideSolutionNode = FALSE
	EndGlobalSection
	GlobalSection(ExtensibilityGlobals) = postSolution
		SolutionGuid = {C96EAFDF-C9D2-41BC-A00F-ECD79DF29522}
	EndGlobalSection
EndGlobal
